
Microsoft Visual Studio Solution File, Format Version 12.00
# Visual Studio 15
VisualStudioVersion = 15.0.28307.489
MinimumVisualStudioVersion = 10.0.40219.1
Project("{FAE04EC0-301F-11D3-BF4B-00C04F79EFBC}") = "EFCore.DomainModels", "EFCore.Models\EFCore.DomainModels.csproj", "{602CF21A-C83D-4BB8-AEC4-66EA0D6F1BB2}"
EndProject
Project("{FAE04EC0-301F-11D3-BF4B-00C04F79EFBC}") = "EFCore.Data", "EFCore.Data\EFCore.Data.csproj", "{8B574EA5-1149-41EE-91BE-76AAB1F3C64F}"
EndProject
Global
	GlobalSection(SolutionConfigurationPlatforms) = preSolution
		Debug|Any CPU = Debug|Any CPU
		Release|Any CPU = Release|Any CPU
	EndGlobalSection
	GlobalSection(ProjectConfigurationPlatforms) = postSolution
		{602CF21A-C83D-4BB8-AEC4-66EA0D6F1BB2}.Debug|Any CPU.ActiveCfg = Debug|Any CPU
		{602CF21A-C83D-4BB8-AEC4-66EA0D6F1BB2}.Debug|Any CPU.Build.0 = Debug|Any CPU
		{602CF21A-C83D-4BB8-AEC4-66EA0D6F1BB2}.Release|Any CPU.ActiveCfg = Release|Any CPU
		{602CF21A-C83D-4BB8-AEC4-66EA0D6F1BB2}.Release|Any CPU.Build.0 = Release|Any CPU
		{8B574EA5-1149-41EE-91BE-76AAB1F3C64F}.Debug|Any CPU.ActiveCfg = Debug|Any CPU
		{8B574EA5-1149-41EE-91BE-76AAB1F3C64F}.Debug|Any CPU.Build.0 = Debug|Any CPU
		{8B574EA5-1149-41EE-91BE-76AAB1F3C64F}.Release|Any CPU.ActiveCfg = Release|Any CPU
		{8B574EA5-1149-41EE-91BE-76AAB1F3C64F}.Release|Any CPU.Build.0 = Release|Any CPU
	EndGlobalSection
	GlobalSection(SolutionProperties) = preSolution
		HideSolutionNode = FALSE
	EndGlobalSection
	GlobalSection(ExtensibilityGlobals) = postSolution
		SolutionGuid = {80F0F0DE-2140-4D99-9466-1E1C6DB47376}
	EndGlobalSection
EndGlobal
